hash: 000ed9fff985844febcfe17d9657dd0fe6bebada5d97178fdf1b6fe70abd3104
updated: 2017-05-04T20:14:02.90706702-07:00
imports:
- name: github.com/Clever/pq
  version: 615733e60b17935b5d162f72c2fa608abd8bdec4
- name: github.com/kardianos/osext
  version: 9d302b58e975387d0b4d9be876622c86cefe64be
- name: github.com/lib/pq
  version: e182dc4027e2ded4b19396d638610f2653295f36
  subpackages:
  - oid
- name: github.com/stretchr/testify
  version: 69483b4bd14f5845b5a1e55bca19e954e827f1d0
  subpackages:
  - assert
- name: github.com/xeipuuv/gojsonpointer
  version: 6fe8760cad3569743d51ddbb243b26f8456742dc
- name: github.com/xeipuuv/gojsonreference
  version: e02fc20de94c78484cd5ffb007f8af96be030a45
- name: github.com/xeipuuv/gojsonschema
  version: 20fdae500baa62c0de724a741df80b695c8ac756
- name: gopkg.in/Clever/kayvee-go.v6
  version: fa278c9c7f83580b15c163c1efffe6fb4f2e3989
  subpackages:
  - logger
  - router
- name: gopkg.in/yaml.v2
  version: cd8b52f8269e0feb286dfeef29f8fe4d5b397e0b
testImports:
- name: github.com/davecgh/go-spew
  version: 5215b55f46b2b919f50a1df0eaa5886afe4e3b3d
  subpackages:
  - spew
- name: github.com/pmezard/go-difflib
  version: d8ed2627bdf02c080bf22230dbb337003b7aba2d
  subpackages:
  - difflib
