# This file is autogenerated, do not edit; changes may be undone by the next 'dep ensure'.


[[projects]]
  branch = "master"
  name = "github.com/Clever/analytics-pipeline-monitor"
  packages = ["config","db","logger"]
  revision = "acf47927405c6b60977b3b901c1d88ff7e19fecc"

[[projects]]
  branch = "master"
  name = "github.com/Clever/pq"
  packages = ["."]
  revision = "615733e60b17935b5d162f72c2fa608abd8bdec4"

[[projects]]
  name = "github.com/davecgh/go-spew"
  packages = ["spew"]
  revision = "6d212800a42e8ab5c146b8ace3490ee17e5225f9"

[[projects]]
  name = "github.com/kardianos/osext"
  packages = ["."]
  revision = "9d302b58e975387d0b4d9be876622c86cefe64be"

[[projects]]
  name = "github.com/lib/pq"
  packages = [".","oid"]
  revision = "e182dc4027e2ded4b19396d638610f2653295f36"

[[projects]]
  name = "github.com/pmezard/go-difflib"
  packages = ["difflib"]
  revision = "d8ed2627bdf02c080bf22230dbb337003b7aba2d"

[[projects]]
  name = "github.com/stretchr/testify"
  packages = ["assert"]
  revision = "69483b4bd14f5845b5a1e55bca19e954e827f1d0"
  version = "v1.1.4"

[[projects]]
  branch = "master"
  name = "github.com/xeipuuv/gojsonpointer"
  packages = ["."]
  revision = "6fe8760cad3569743d51ddbb243b26f8456742dc"

[[projects]]
  branch = "master"
  name = "github.com/xeipuuv/gojsonreference"
  packages = ["."]
  revision = "e02fc20de94c78484cd5ffb007f8af96be030a45"

[[projects]]
  name = "github.com/xeipuuv/gojsonschema"
  packages = ["."]
  revision = "20fdae500baa62c0de724a741df80b695c8ac756"

[[projects]]
  name = "gopkg.in/Clever/kayvee-go.v6"
  packages = [".","logger","router"]
  revision = "096364e316a52652d3493be702d8105d8d01db84"
  version = "v6.6.0"

[[projects]]
  name = "gopkg.in/yaml.v2"
  packages = ["."]
  revision = "cd8b52f8269e0feb286dfeef29f8fe4d5b397e0b"

[solve-meta]
  analyzer-name = "dep"
  analyzer-version = 1
  inputs-digest = "2cd2be72bf50ee70d214363e0bb0d1636ec70184bca4009942950d2258b2d5ab"
  solver-name = "gps-cdcl"
  solver-version = 1
